// !$*UTF8*$!
{
	archiveVersion = 1;
	classes = {
	};
	objectVersion = 47;
	objects = {

/* Begin PBXBuildFile section */
		2041E90C1DC2963C00B71188 /* CarrinhoRest.swift in Sources */ = {isa = PBXBuildFile; fileRef = 2041E90B1DC2963C00B71188 /* CarrinhoRest.swift */; };
		207544E91DC12243004C2028 /* CardapioRest.swift in Sources */ = {isa = PBXBuildFile; fileRef = 207544E81DC12243004C2028 /* CardapioRest.swift */; };
		207544EB1DC12259004C2028 /* InformacaoRest.swift in Sources */ = {isa = PBXBuildFile; fileRef = 207544EA1DC12259004C2028 /* InformacaoRest.swift */; };
		207544F51DC144D2004C2028 /* logo.png in Resources */ = {isa = PBXBuildFile; fileRef = 207544F41DC144D2004C2028 /* logo.png */; };
		207BA32C1DBFEC85009DFB73 /* restCell.swift in Sources */ = {isa = PBXBuildFile; fileRef = 207BA32B1DBFEC85009DFB73 /* restCell.swift */; };
		207CCEB31DB011870017A077 /* coroa.png in Resources */ = {isa = PBXBuildFile; fileRef = 207CCEAE1DB011870017A077 /* coroa.png */; };
		207CCEB41DB011870017A077 /* customStar.png in Resources */ = {isa = PBXBuildFile; fileRef = 207CCEAF1DB011870017A077 /* customStar.png */; };
		207CCEB51DB011870017A077 /* food1.jpeg in Resources */ = {isa = PBXBuildFile; fileRef = 207CCEB01DB011870017A077 /* food1.jpeg */; };
		207CCEB61DB011870017A077 /* food2.jpg in Resources */ = {isa = PBXBuildFile; fileRef = 207CCEB11DB011870017A077 /* food2.jpg */; };
		207CCEB71DB011870017A077 /* food3.jpg in Resources */ = {isa = PBXBuildFile; fileRef = 207CCEB21DB011870017A077 /* food3.jpg */; };
		207CCEBB1DB011B40017A077 /* EnderecoBusca.swift in Sources */ = {isa = PBXBuildFile; fileRef = 207CCEBA1DB011B40017A077 /* EnderecoBusca.swift */; };
		207CCEC01DB011D00017A077 /* ListaBairros.swift in Sources */ = {isa = PBXBuildFile; fileRef = 207CCEBC1DB011D00017A077 /* ListaBairros.swift */; };
		207CCEC11DB011D00017A077 /* ListaRestaurantes.swift in Sources */ = {isa = PBXBuildFile; fileRef = 207CCEBD1DB011D00017A077 /* ListaRestaurantes.swift */; };
		207CCEC21DB011D00017A077 /* Localizacao.swift in Sources */ = {isa = PBXBuildFile; fileRef = 207CCEBE1DB011D00017A077 /* Localizacao.swift */; };
		207CCEC31DB011D00017A077 /* Splash.swift in Sources */ = {isa = PBXBuildFile; fileRef = 207CCEBF1DB011D00017A077 /* Splash.swift */; };
		207CCEC51DB012CB0017A077 /* Restaurante.swift in Sources */ = {isa = PBXBuildFile; fileRef = 207CCEC41DB012CB0017A077 /* Restaurante.swift */; };
		207CCEC81DB015FA0017A077 /* FormaPagamento.swift in Sources */ = {isa = PBXBuildFile; fileRef = 207CCEC61DB015FA0017A077 /* FormaPagamento.swift */; };
		207CCEC91DB015FA0017A077 /* Horario.swift in Sources */ = {isa = PBXBuildFile; fileRef = 207CCEC71DB015FA0017A077 /* Horario.swift */; };
		208AED341D9D87980041F749 /* Utilities.swift in Sources */ = {isa = PBXBuildFile; fileRef = 208AED331D9D87980041F749 /* Utilities.swift */; };
		208AED381D9D8E300041F749 /* CoreData.framework in Frameworks */ = {isa = PBXBuildFile; fileRef = 208AED371D9D8E300041F749 /* CoreData.framework */; };
		20A71C261DB956CD0005CDB5 /* CoreLocation.framework in Frameworks */ = {isa = PBXBuildFile; fileRef = 20A71C251DB956CD0005CDB5 /* CoreLocation.framework */; };
		20D37C661D9AB91C0080611E /* AppDelegate.swift in Sources */ = {isa = PBXBuildFile; fileRef = 20D37C651D9AB91C0080611E /* AppDelegate.swift */; };
		20D37C6B1D9AB91C0080611E /* Main.storyboard in Resources */ = {isa = PBXBuildFile; fileRef = 20D37C691D9AB91C0080611E /* Main.storyboard */; };
		20D37C6E1D9AB91C0080611E /* reidocardapio.xcdatamodeld in Sources */ = {isa = PBXBuildFile; fileRef = 20D37C6C1D9AB91C0080611E /* reidocardapio.xcdatamodeld */; };
		20D37C701D9AB91C0080611E /* Assets.xcassets in Resources */ = {isa = PBXBuildFile; fileRef = 20D37C6F1D9AB91C0080611E /* Assets.xcassets */; };
		20EA7ADC1DB1632800E209DD /* ListaCategoriasRests.swift in Sources */ = {isa = PBXBuildFile; fileRef = 20EA7ADB1DB1632800E209DD /* ListaCategoriasRests.swift */; };
		20EA7AE01DB1637900E209DD /* food4.jpg in Resources */ = {isa = PBXBuildFile; fileRef = 20EA7ADD1DB1637900E209DD /* food4.jpg */; };
		20EA7AE11DB1637900E209DD /* food5.jpg in Resources */ = {isa = PBXBuildFile; fileRef = 20EA7ADE1DB1637900E209DD /* food5.jpg */; };
		20EA7AE21DB1637900E209DD /* food6.jpg in Resources */ = {isa = PBXBuildFile; fileRef = 20EA7ADF1DB1637900E209DD /* food6.jpg */; };
		20EA7AE41DB167E100E209DD /* Categoria.swift in Sources */ = {isa = PBXBuildFile; fileRef = 20EA7AE31DB167E100E209DD /* Categoria.swift */; };
		FE51787C1DB80AC500F148D6 /* InfoRestaurante.swift in Sources */ = {isa = PBXBuildFile; fileRef = FE51787B1DB80AC500F148D6 /* InfoRestaurante.swift */; };
		FEEF059F1DB2A8BA00185A90 /* search.png in Resources */ = {isa = PBXBuildFile; fileRef = FEEF059E1DB2A8BA00185A90 /* search.png */; };
/* End PBXBuildFile section */

/* Begin PBXCopyFilesBuildPhase section */
		2075AD111D9EE18900E0227B /* Embed App Extensions */ = {
			isa = PBXCopyFilesBuildPhase;
			buildActionMask = 2147483647;
			dstPath = "";
			dstSubfolderSpec = 13;
			files = (
			);
			name = "Embed App Extensions";
			runOnlyForDeploymentPostprocessing = 0;
		};
/* End PBXCopyFilesBuildPhase section */

/* Begin PBXFileReference section */
		2041E90B1DC2963C00B71188 /* CarrinhoRest.swift */ = {isa = PBXFileReference; fileEncoding = 4; lastKnownFileType = sourcecode.swift; name = CarrinhoRest.swift; path = Controllers/InfoRest/CarrinhoRest.swift; sourceTree = "<group>"; };
		207544E81DC12243004C2028 /* CardapioRest.swift */ = {isa = PBXFileReference; fileEncoding = 4; lastKnownFileType = sourcecode.swift; name = CardapioRest.swift; path = Controllers/InfoRest/CardapioRest.swift; sourceTree = "<group>"; };
		207544EA1DC12259004C2028 /* InformacaoRest.swift */ = {isa = PBXFileReference; fileEncoding = 4; lastKnownFileType = sourcecode.swift; name = InformacaoRest.swift; path = Controllers/InfoRest/InformacaoRest.swift; sourceTree = "<group>"; };
		207544F41DC144D2004C2028 /* logo.png */ = {isa = PBXFileReference; lastKnownFileType = image.png; name = logo.png; path = Images/logo.png; sourceTree = "<group>"; };
		207BA32B1DBFEC85009DFB73 /* restCell.swift */ = {isa = PBXFileReference; fileEncoding = 4; lastKnownFileType = sourcecode.swift; name = restCell.swift; path = Controllers/restCell.swift; sourceTree = "<group>"; };
		207CCEAE1DB011870017A077 /* coroa.png */ = {isa = PBXFileReference; lastKnownFileType = image.png; name = coroa.png; path = Images/coroa.png; sourceTree = "<group>"; };
		207CCEAF1DB011870017A077 /* customStar.png */ = {isa = PBXFileReference; lastKnownFileType = image.png; name = customStar.png; path = Images/customStar.png; sourceTree = "<group>"; };
		207CCEB01DB011870017A077 /* food1.jpeg */ = {isa = PBXFileReference; lastKnownFileType = image.jpeg; name = food1.jpeg; path = Images/food1.jpeg; sourceTree = "<group>"; };
		207CCEB11DB011870017A077 /* food2.jpg */ = {isa = PBXFileReference; lastKnownFileType = image.jpeg; name = food2.jpg; path = Images/food2.jpg; sourceTree = "<group>"; };
		207CCEB21DB011870017A077 /* food3.jpg */ = {isa = PBXFileReference; lastKnownFileType = image.jpeg; name = food3.jpg; path = Images/food3.jpg; sourceTree = "<group>"; };
		207CCEBA1DB011B40017A077 /* EnderecoBusca.swift */ = {isa = PBXFileReference; fileEncoding = 4; lastKnownFileType = sourcecode.swift; name = EnderecoBusca.swift; path = Classes/EnderecoBusca.swift; sourceTree = "<group>"; };
		207CCEBC1DB011D00017A077 /* ListaBairros.swift */ = {isa = PBXFileReference; fileEncoding = 4; lastKnownFileType = sourcecode.swift; name = ListaBairros.swift; path = Controllers/ListaBairros.swift; sourceTree = "<group>"; };
		207CCEBD1DB011D00017A077 /* ListaRestaurantes.swift */ = {isa = PBXFileReference; fileEncoding = 4; lastKnownFileType = sourcecode.swift; name = ListaRestaurantes.swift; path = Controllers/ListaRestaurantes.swift; sourceTree = "<group>"; };
		207CCEBE1DB011D00017A077 /* Localizacao.swift */ = {isa = PBXFileReference; fileEncoding = 4; lastKnownFileType = sourcecode.swift; name = Localizacao.swift; path = Controllers/Localizacao.swift; sourceTree = "<group>"; };
		207CCEBF1DB011D00017A077 /* Splash.swift */ = {isa = PBXFileReference; fileEncoding = 4; lastKnownFileType = sourcecode.swift; name = Splash.swift; path = Controllers/Splash.swift; sourceTree = "<group>"; };
		207CCEC41DB012CB0017A077 /* Restaurante.swift */ = {isa = PBXFileReference; fileEncoding = 4; lastKnownFileType = sourcecode.swift; name = Restaurante.swift; path = Classes/Restaurante.swift; sourceTree = "<group>"; };
		207CCEC61DB015FA0017A077 /* FormaPagamento.swift */ = {isa = PBXFileReference; fileEncoding = 4; lastKnownFileType = sourcecode.swift; name = FormaPagamento.swift; path = Classes/FormaPagamento.swift; sourceTree = "<group>"; };
		207CCEC71DB015FA0017A077 /* Horario.swift */ = {isa = PBXFileReference; fileEncoding = 4; lastKnownFileType = sourcecode.swift; name = Horario.swift; path = Classes/Horario.swift; sourceTree = "<group>"; };
		208AED331D9D87980041F749 /* Utilities.swift */ = {isa = PBXFileReference; fileEncoding = 4; lastKnownFileType = sourcecode.swift; path = Utilities.swift; sourceTree = "<group>"; };
		208AED371D9D8E300041F749 /* CoreData.framework */ = {isa = PBXFileReference; lastKnownFileType = wrapper.framework; name = CoreData.framework; path = System/Library/Frameworks/CoreData.framework; sourceTree = SDKROOT; };
		20A71C251DB956CD0005CDB5 /* CoreLocation.framework */ = {isa = PBXFileReference; lastKnownFileType = wrapper.framework; name = CoreLocation.framework; path = System/Library/Frameworks/CoreLocation.framework; sourceTree = SDKROOT; };
		20D37C621D9AB91C0080611E /* reidocardapio.app */ = {isa = PBXFileReference; explicitFileType = wrapper.application; includeInIndex = 0; path = reidocardapio.app; sourceTree = BUILT_PRODUCTS_DIR; };
		20D37C651D9AB91C0080611E /* AppDelegate.swift */ = {isa = PBXFileReference; lastKnownFileType = sourcecode.swift; path = AppDelegate.swift; sourceTree = "<group>"; };
		20D37C6A1D9AB91C0080611E /* Base */ = {isa = PBXFileReference; lastKnownFileType = file.storyboard; name = Base; path = Base.lproj/Main.storyboard; sourceTree = "<group>"; };
		20D37C6D1D9AB91C0080611E /* reidocardapio.xcdatamodel */ = {isa = PBXFileReference; lastKnownFileType = wrapper.xcdatamodel; path = reidocardapio.xcdatamodel; sourceTree = "<group>"; };
		20D37C6F1D9AB91C0080611E /* Assets.xcassets */ = {isa = PBXFileReference; lastKnownFileType = folder.assetcatalog; path = Assets.xcassets; sourceTree = "<group>"; };
		20D37C741D9AB91C0080611E /* Info.plist */ = {isa = PBXFileReference; lastKnownFileType = text.plist.xml; path = Info.plist; sourceTree = "<group>"; };
		20EA7ADB1DB1632800E209DD /* ListaCategoriasRests.swift */ = {isa = PBXFileReference; fileEncoding = 4; lastKnownFileType = sourcecode.swift; name = ListaCategoriasRests.swift; path = Controllers/ListaCategoriasRests.swift; sourceTree = "<group>"; };
		20EA7ADD1DB1637900E209DD /* food4.jpg */ = {isa = PBXFileReference; lastKnownFileType = image.jpeg; name = food4.jpg; path = Images/food4.jpg; sourceTree = "<group>"; };
		20EA7ADE1DB1637900E209DD /* food5.jpg */ = {isa = PBXFileReference; lastKnownFileType = image.jpeg; name = food5.jpg; path = Images/food5.jpg; sourceTree = "<group>"; };
		20EA7ADF1DB1637900E209DD /* food6.jpg */ = {isa = PBXFileReference; lastKnownFileType = image.jpeg; name = food6.jpg; path = Images/food6.jpg; sourceTree = "<group>"; };
		20EA7AE31DB167E100E209DD /* Categoria.swift */ = {isa = PBXFileReference; fileEncoding = 4; lastKnownFileType = sourcecode.swift; name = Categoria.swift; path = Classes/Categoria.swift; sourceTree = "<group>"; };
		FE51787B1DB80AC500F148D6 /* InfoRestaurante.swift */ = {isa = PBXFileReference; fileEncoding = 4; lastKnownFileType = sourcecode.swift; name = InfoRestaurante.swift; path = Controllers/InfoRestaurante.swift; sourceTree = "<group>"; };
		FEEF059E1DB2A8BA00185A90 /* search.png */ = {isa = PBXFileReference; lastKnownFileType = image.png; name = search.png; path = Images/search.png; sourceTree = "<group>"; };
/* End PBXFileReference section */

/* Begin PBXFrameworksBuildPhase section */
		20D37C5F1D9AB91C0080611E /* Frameworks */ = {
			isa = PBXFrameworksBuildPhase;
			buildActionMask = 2147483647;
			files = (
				20A71C261DB956CD0005CDB5 /* CoreLocation.framework in Frameworks */,
				208AED381D9D8E300041F749 /* CoreData.framework in Frameworks */,
			);
			runOnlyForDeploymentPostprocessing = 0;
		};
/* End PBXFrameworksBuildPhase section */

/* Begin PBXGroup section */
		207544E71DC11B8A004C2028 /* InfoRest */ = {
			isa = PBXGroup;
			children = (
				207544E81DC12243004C2028 /* CardapioRest.swift */,
				207544EA1DC12259004C2028 /* InformacaoRest.swift */,
				2041E90B1DC2963C00B71188 /* CarrinhoRest.swift */,
			);
			name = InfoRest;
			sourceTree = "<group>";
		};
		208AED321D9D87890041F749 /* Utils */ = {
			isa = PBXGroup;
			children = (
				208AED331D9D87980041F749 /* Utilities.swift */,
			);
			name = Utils;
			sourceTree = "<group>";
		};
		20D37C591D9AB91C0080611E = {
			isa = PBXGroup;
			children = (
				20D37C7F1D9ABCDF0080611E /* Images */,
				20D37C7C1D9ABB6F0080611E /* Frameworks */,
				20D37C7D1D9ABB770080611E /* Classes */,
				20D37C641D9AB91C0080611E /* reidocardapio */,
				20D37C631D9AB91C0080611E /* Products */,
			);
			sourceTree = "<group>";
		};
		20D37C631D9AB91C0080611E /* Products */ = {
			isa = PBXGroup;
			children = (
				20D37C621D9AB91C0080611E /* reidocardapio.app */,
			);
			name = Products;
			sourceTree = "<group>";
		};
		20D37C641D9AB91C0080611E /* reidocardapio */ = {
			isa = PBXGroup;
			children = (
				20D37C651D9AB91C0080611E /* AppDelegate.swift */,
				20D37C6F1D9AB91C0080611E /* Assets.xcassets */,
				20D37C741D9AB91C0080611E /* Info.plist */,
				20D37C6C1D9AB91C0080611E /* reidocardapio.xcdatamodeld */,
				20D37C7E1D9ABB7E0080611E /* Controllers */,
				20D37C691D9AB91C0080611E /* Main.storyboard */,
			);
			path = reidocardapio;
			sourceTree = "<group>";
		};
		20D37C7C1D9ABB6F0080611E /* Frameworks */ = {
			isa = PBXGroup;
			children = (
				20A71C251DB956CD0005CDB5 /* CoreLocation.framework */,
				208AED371D9D8E300041F749 /* CoreData.framework */,
			);
			name = Frameworks;
			sourceTree = "<group>";
		};
		20D37C7D1D9ABB770080611E /* Classes */ = {
			isa = PBXGroup;
			children = (
				207CCEC61DB015FA0017A077 /* FormaPagamento.swift */,
				207CCEC71DB015FA0017A077 /* Horario.swift */,
				207CCEBA1DB011B40017A077 /* EnderecoBusca.swift */,
				207CCEC41DB012CB0017A077 /* Restaurante.swift */,
				20EA7AE31DB167E100E209DD /* Categoria.swift */,
				208AED321D9D87890041F749 /* Utils */,
			);
			name = Classes;
			sourceTree = "<group>";
		};
		20D37C7E1D9ABB7E0080611E /* Controllers */ = {
			isa = PBXGroup;
			children = (
				207544E71DC11B8A004C2028 /* InfoRest */,
				207CCEBC1DB011D00017A077 /* ListaBairros.swift */,
				207CCEBD1DB011D00017A077 /* ListaRestaurantes.swift */,
				20EA7ADB1DB1632800E209DD /* ListaCategoriasRests.swift */,
				207CCEBE1DB011D00017A077 /* Localizacao.swift */,
				207CCEBF1DB011D00017A077 /* Splash.swift */,
				FE51787B1DB80AC500F148D6 /* InfoRestaurante.swift */,
				207BA32B1DBFEC85009DFB73 /* restCell.swift */,
			);
			name = Controllers;
			path = ..;
			sourceTree = "<group>";
		};
		20D37C7F1D9ABCDF0080611E /* Images */ = {
			isa = PBXGroup;
			children = (
				FEEF059E1DB2A8BA00185A90 /* search.png */,
				207544F41DC144D2004C2028 /* logo.png */,
				20EA7ADD1DB1637900E209DD /* food4.jpg */,
				20EA7ADE1DB1637900E209DD /* food5.jpg */,
				20EA7ADF1DB1637900E209DD /* food6.jpg */,
				207CCEAE1DB011870017A077 /* coroa.png */,
				207CCEAF1DB011870017A077 /* customStar.png */,
				207CCEB01DB011870017A077 /* food1.jpeg */,
				207CCEB11DB011870017A077 /* food2.jpg */,
				207CCEB21DB011870017A077 /* food3.jpg */,
			);
			name = Images;
			sourceTree = "<group>";
		};
/* End PBXGroup section */

/* Begin PBXNativeTarget section */
		20D37C611D9AB91C0080611E /* reidocardapio */ = {
			isa = PBXNativeTarget;
			buildConfigurationList = 20D37C771D9AB91C0080611E /* Build configuration list for PBXNativeTarget "reidocardapio" */;
			buildPhases = (
				20D37C5E1D9AB91C0080611E /* Sources */,
				20D37C5F1D9AB91C0080611E /* Frameworks */,
				20D37C601D9AB91C0080611E /* Resources */,
				2075AD111D9EE18900E0227B /* Embed App Extensions */,
			);
			buildRules = (
			);
			dependencies = (
			);
			name = reidocardapio;
			productName = reidocardapio;
			productReference = 20D37C621D9AB91C0080611E /* reidocardapio.app */;
			productType = "com.apple.product-type.application";
		};
/* End PBXNativeTarget section */

/* Begin PBXProject section */
		20D37C5A1D9AB91C0080611E /* Project object */ = {
			isa = PBXProject;
			attributes = {
				LastSwiftUpdateCheck = 0720;
				LastUpgradeCheck = 0720;
				ORGANIZATIONNAME = "Bruno Rocha";
				TargetAttributes = {
					20D37C611D9AB91C0080611E = {
						CreatedOnToolsVersion = 7.2.1;
					};
				};
			};
			buildConfigurationList = 20D37C5D1D9AB91C0080611E /* Build configuration list for PBXProject "reidocardapio" */;
			compatibilityVersion = "Xcode 6.3";
			developmentRegion = English;
			hasScannedForEncodings = 0;
			knownRegions = (
				en,
				Base,
			);
			mainGroup = 20D37C591D9AB91C0080611E;
			productRefGroup = 20D37C631D9AB91C0080611E /* Products */;
			projectDirPath = "";
			projectRoot = "";
			targets = (
				20D37C611D9AB91C0080611E /* reidocardapio */,
			);
		};
/* End PBXProject section */

/* Begin PBXResourcesBuildPhase section */
		20D37C601D9AB91C0080611E /* Resources */ = {
			isa = PBXResourcesBuildPhase;
			buildActionMask = 2147483647;
			files = (
				207CCEB31DB011870017A077 /* coroa.png in Resources */,
				20D37C701D9AB91C0080611E /* Assets.xcassets in Resources */,
				207CCEB71DB011870017A077 /* food3.jpg in Resources */,
				20EA7AE11DB1637900E209DD /* food5.jpg in Resources */,
				207CCEB61DB011870017A077 /* food2.jpg in Resources */,
				20EA7AE01DB1637900E209DD /* food4.jpg in Resources */,
				20D37C6B1D9AB91C0080611E /* Main.storyboard in Resources */,
				FEEF059F1DB2A8BA00185A90 /* search.png in Resources */,
				207544F51DC144D2004C2028 /* logo.png in Resources */,
				207CCEB41DB011870017A077 /* customStar.png in Resources */,
				20EA7AE21DB1637900E209DD /* food6.jpg in Resources */,
				207CCEB51DB011870017A077 /* food1.jpeg in Resources */,
			);
			runOnlyForDeploymentPostprocessing = 0;
		};
/* End PBXResourcesBuildPhase section */

/* Begin PBXSourcesBuildPhase section */
		20D37C5E1D9AB91C0080611E /* Sources */ = {
			isa = PBXSourcesBuildPhase;
			buildActionMask = 2147483647;
			files = (
				207CCEC21DB011D00017A077 /* Localizacao.swift in Sources */,
				208AED341D9D87980041F749 /* Utilities.swift in Sources */,
				207CCEC91DB015FA0017A077 /* Horario.swift in Sources */,
				207CCEBB1DB011B40017A077 /* EnderecoBusca.swift in Sources */,
				20EA7AE41DB167E100E209DD /* Categoria.swift in Sources */,
				2041E90C1DC2963C00B71188 /* CarrinhoRest.swift in Sources */,
				207CCEC11DB011D00017A077 /* ListaRestaurantes.swift in Sources */,
				20EA7ADC1DB1632800E209DD /* ListaCategoriasRests.swift in Sources */,
				207CCEC81DB015FA0017A077 /* FormaPagamento.swift in Sources */,
				207544EB1DC12259004C2028 /* InformacaoRest.swift in Sources */,
				207CCEC31DB011D00017A077 /* Splash.swift in Sources */,
				207CCEC51DB012CB0017A077 /* Restaurante.swift in Sources */,
				20D37C6E1D9AB91C0080611E /* reidocardapio.xcdatamodeld in Sources */,
				207CCEC01DB011D00017A077 /* ListaBairros.swift in Sources */,
				FE51787C1DB80AC500F148D6 /* InfoRestaurante.swift in Sources */,
				207BA32C1DBFEC85009DFB73 /* restCell.swift in Sources */,
				207544E91DC12243004C2028 /* CardapioRest.swift in Sources */,
				20D37C661D9AB91C0080611E /* AppDelegate.swift in Sources */,
			);
			runOnlyForDeploymentPostprocessing = 0;
		};
/* End PBXSourcesBuildPhase section */

/* Begin PBXVariantGroup section */
		20D37C691D9AB91C0080611E /* Main.storyboard */ = {
			isa = PBXVariantGroup;
			children = (
				20D37C6A1D9AB91C0080611E /* Base */,
			);
			name = Main.storyboard;
			sourceTree = "<group>";
		};
/* End PBXVariantGroup section */

/* Begin XCBuildConfiguration section */
		20D37C751D9AB91C0080611E /* Debug */ = {
			isa = XCBuildConfiguration;
			buildSettings = {
				ALWAYS_SEARCH_USER_PATHS = NO;
				CLANG_CXX_LANGUAGE_STANDARD = "gnu++0x";
				CLANG_CXX_LIBRARY = "libc++";
				CLANG_ENABLE_MODULES = YES;
				CLANG_ENABLE_OBJC_ARC = YES;
				CLANG_WARN_BOOL_CONVERSION = YES;
				CLANG_WARN_CONSTANT_CONVERSION = YES;
				CLANG_WARN_DIRECT_OBJC_ISA_USAGE = YES_ERROR;
				CLANG_WARN_EMPTY_BODY = YES;
				CLANG_WARN_ENUM_CONVERSION = YES;
				CLANG_WARN_INT_CONVERSION = YES;
				CLANG_WARN_OBJC_ROOT_CLASS = YES_ERROR;
				CLANG_WARN_UNREACHABLE_CODE = YES;
				CLANG_WARN__DUPLICATE_METHOD_MATCH = YES;
				"CODE_SIGN_IDENTITY[sdk=iphoneos*]" = "iPhone Developer";
				COPY_PHASE_STRIP = NO;
				DEBUG_INFORMATION_FORMAT = dwarf;
				ENABLE_STRICT_OBJC_MSGSEND = YES;
				ENABLE_TESTABILITY = YES;
				GCC_C_LANGUAGE_STANDARD = gnu99;
				GCC_DYNAMIC_NO_PIC = NO;
				GCC_NO_COMMON_BLOCKS = YES;
				GCC_OPTIMIZATION_LEVEL = 0;
				GCC_PREPROCESSOR_DEFINITIONS = (
					"DEBUG=1",
					"$(inherited)",
				);
				GCC_WARN_64_TO_32_BIT_CONVERSION = YES;
				GCC_WARN_ABOUT_RETURN_TYPE = YES_ERROR;
				GCC_WARN_UNDECLARED_SELECTOR = YES;
				GCC_WARN_UNINITIALIZED_AUTOS = YES_AGGRESSIVE;
				GCC_WARN_UNUSED_FUNCTION = YES;
				GCC_WARN_UNUSED_VARIABLE = YES;
				IPHONEOS_DEPLOYMENT_TARGET = 9.1;
				MTL_ENABLE_DEBUG_INFO = YES;
				ONLY_ACTIVE_ARCH = YES;
				SDKROOT = iphoneos;
				SWIFT_OPTIMIZATION_LEVEL = "-Onone";
				TARGETED_DEVICE_FAMILY = "1,2";
			};
			name = Debug;
		};
		20D37C761D9AB91C0080611E /* Release */ = {
			isa = XCBuildConfiguration;
			buildSettings = {
				ALWAYS_SEARCH_USER_PATHS = NO;
				CLANG_CXX_LANGUAGE_STANDARD = "gnu++0x";
				CLANG_CXX_LIBRARY = "libc++";
				CLANG_ENABLE_MODULES = YES;
				CLANG_ENABLE_OBJC_ARC = YES;
				CLANG_WARN_BOOL_CONVERSION = YES;
				CLANG_WARN_CONSTANT_CONVERSION = YES;
				CLANG_WARN_DIRECT_OBJC_ISA_USAGE = YES_ERROR;
				CLANG_WARN_EMPTY_BODY = YES;
				CLANG_WARN_ENUM_CONVERSION = YES;
				CLANG_WARN_INT_CONVERSION = YES;
				CLANG_WARN_OBJC_ROOT_CLASS = YES_ERROR;
				CLANG_WARN_UNREACHABLE_CODE = YES;
				CLANG_WARN__DUPLICATE_METHOD_MATCH = YES;
				"CODE_SIGN_IDENTITY[sdk=iphoneos*]" = "iPhone Developer";
				COPY_PHASE_STRIP = NO;
				DEBUG_INFORMATION_FORMAT = "dwarf-with-dsym";
				ENABLE_NS_ASSERTIONS = NO;
				ENABLE_STRICT_OBJC_MSGSEND = YES;
				GCC_C_LANGUAGE_STANDARD = gnu99;
				GCC_NO_COMMON_BLOCKS = YES;
				GCC_WARN_64_TO_32_BIT_CONVERSION = YES;
				GCC_WARN_ABOUT_RETURN_TYPE = YES_ERROR;
				GCC_WARN_UNDECLARED_SELECTOR = YES;
				GCC_WARN_UNINITIALIZED_AUTOS = YES_AGGRESSIVE;
				GCC_WARN_UNUSED_FUNCTION = YES;
				GCC_WARN_UNUSED_VARIABLE = YES;
				IPHONEOS_DEPLOYMENT_TARGET = 9.1;
				MTL_ENABLE_DEBUG_INFO = NO;
				SDKROOT = iphoneos;
				TARGETED_DEVICE_FAMILY = "1,2";
				VALIDATE_PRODUCT = YES;
			};
			name = Release;
		};
		20D37C781D9AB91C0080611E /* Debug */ = {
			isa = XCBuildConfiguration;
			buildSettings = {
				ASSETCATALOG_COMPILER_APPICON_NAME = AppIcon;
				INFOPLIST_FILE = reidocardapio/Info.plist;
				IPHONEOS_DEPLOYMENT_TARGET = 9.2;
				LD_RUNPATH_SEARCH_PATHS = "$(inherited) @executable_path/Frameworks";
				PRODUCT_BUNDLE_IDENTIFIER = br.com.pontualti.reidocardapio;
				PRODUCT_NAME = "$(TARGET_NAME)";
				SWIFT_VERSION = 2.3;
			};
			name = Debug;
		};
		20D37C791D9AB91C0080611E /* Release */ = {
			isa = XCBuildConfiguration;
			buildSettings = {
				ASSETCATALOG_COMPILER_APPICON_NAME = AppIcon;
				INFOPLIST_FILE = reidocardapio/Info.plist;
				IPHONEOS_DEPLOYMENT_TARGET = 9.2;
				LD_RUNPATH_SEARCH_PATHS = "$(inherited) @executable_path/Frameworks";
				PRODUCT_BUNDLE_IDENTIFIER = br.com.pontualti.reidocardapio;
				PRODUCT_NAME = "$(TARGET_NAME)";
				SWIFT_VERSION = 2.3;
			};
			name = Release;
		};
/* End XCBuildConfiguration section */

/* Begin XCConfigurationList section */
		20D37C5D1D9AB91C0080611E /* Build configuration list for PBXProject "reidocardapio" */ = {
			isa = XCConfigurationList;
			buildConfigurations = (
				20D37C751D9AB91C0080611E /* Debug */,
				20D37C761D9AB91C0080611E /* Release */,
			);
			defaultConfigurationIsVisible = 0;
			defaultConfigurationName = Release;
		};
		20D37C771D9AB91C0080611E /* Build configuration list for PBXNativeTarget "reidocardapio" */ = {
			isa = XCConfigurationList;
			buildConfigurations = (
				20D37C781D9AB91C0080611E /* Debug */,
				20D37C791D9AB91C0080611E /* Release */,
			);
			defaultConfigurationIsVisible = 0;
			defaultConfigurationName = Release;
		};
/* End XCConfigurationList section */

/* Begin XCVersionGroup section */
		20D37C6C1D9AB91C0080611E /* reidocardapio.xcdatamodeld */ = {
			isa = XCVersionGroup;
			children = (
				20D37C6D1D9AB91C0080611E /* reidocardapio.xcdatamodel */,
			);
			currentVersion = 20D37C6D1D9AB91C0080611E /* reidocardapio.xcdatamodel */;
			path = reidocardapio.xcdatamodeld;
			sourceTree = "<group>";
			versionGroupType = wrapper.xcdatamodel;
		};
/* End XCVersionGroup section */
	};
	rootObject = 20D37C5A1D9AB91C0080611E /* Project object */;
}
